
Microsoft Visual Studio Solution File, Format Version 12.00
# Visual Studio 15
VisualStudioVersion = 15.0.28307.572
MinimumVisualStudioVersion = 10.0.40219.1
Project("{FAE04EC0-301F-11D3-BF4B-00C04F79EFBC}") = "Intelligent-dormitory-system（PC）", "Intelligent-dormitory-integrated-control-system（PC）\Intelligent-dormitory-system（PC）.csproj", "{07AB7B7A-D7EE-474A-98DF-CE1279EA6ED5}"
EndProject
Project("{9A19103F-16F7-4668-BE54-9A1E7A4F7556}") = "FtpExplorer.Data", "FtpExplorer.Data\FtpExplorer.Data.csproj", "{23FC0CB4-1BB5-4D97-BFFE-5732630F2FDB}"
EndProject
Project("{9A19103F-16F7-4668-BE54-9A1E7A4F7556}") = "EFCoreHelper", "EFCoreHelper\EFCoreHelper.csproj", "{275BFC00-A212-431B-A00B-3271975F3A49}"
EndProject
Global
	GlobalSection(SolutionConfigurationPlatforms) = preSolution
		Debug|Any CPU = Debug|Any CPU
		Debug|ARM = Debug|ARM
		Debug|ARM64 = Debug|ARM64
		Debug|x64 = Debug|x64
		Debug|x86 = Debug|x86
		Release|Any CPU = Release|Any CPU
		Release|ARM = Release|ARM
		Release|ARM64 = Release|ARM64
		Release|x64 = Release|x64
		Release|x86 = Release|x86
	EndGlobalSection
	GlobalSection(ProjectConfigurationPlatforms) = postSolution
		{07AB7B7A-D7EE-474A-98DF-CE1279EA6ED5}.Debug|Any CPU.ActiveCfg = Debug|x86
		{07AB7B7A-D7EE-474A-98DF-CE1279EA6ED5}.Debug|ARM.ActiveCfg = Debug|ARM
		{07AB7B7A-D7EE-474A-98DF-CE1279EA6ED5}.Debug|ARM.Build.0 = Debug|ARM
		{07AB7B7A-D7EE-474A-98DF-CE1279EA6ED5}.Debug|ARM.Deploy.0 = Debug|ARM
		{07AB7B7A-D7EE-474A-98DF-CE1279EA6ED5}.Debug|ARM64.ActiveCfg = Debug|ARM64
		{07AB7B7A-D7EE-474A-98DF-CE1279EA6ED5}.Debug|ARM64.Build.0 = Debug|ARM64
		{07AB7B7A-D7EE-474A-98DF-CE1279EA6ED5}.Debug|ARM64.Deploy.0 = Debug|ARM64
		{07AB7B7A-D7EE-474A-98DF-CE1279EA6ED5}.Debug|x64.ActiveCfg = Debug|x64
		{07AB7B7A-D7EE-474A-98DF-CE1279EA6ED5}.Debug|x64.Build.0 = Debug|x64
		{07AB7B7A-D7EE-474A-98DF-CE1279EA6ED5}.Debug|x64.Deploy.0 = Debug|x64
		{07AB7B7A-D7EE-474A-98DF-CE1279EA6ED5}.Debug|x86.ActiveCfg = Debug|x86
		{07AB7B7A-D7EE-474A-98DF-CE1279EA6ED5}.Debug|x86.Build.0 = Debug|x86
		{07AB7B7A-D7EE-474A-98DF-CE1279EA6ED5}.Debug|x86.Deploy.0 = Debug|x86
		{07AB7B7A-D7EE-474A-98DF-CE1279EA6ED5}.Release|Any CPU.ActiveCfg = Release|x86
		{07AB7B7A-D7EE-474A-98DF-CE1279EA6ED5}.Release|ARM.ActiveCfg = Release|ARM
		{07AB7B7A-D7EE-474A-98DF-CE1279EA6ED5}.Release|ARM.Build.0 = Release|ARM
		{07AB7B7A-D7EE-474A-98DF-CE1279EA6ED5}.Release|ARM.Deploy.0 = Release|ARM
		{07AB7B7A-D7EE-474A-98DF-CE1279EA6ED5}.Release|ARM64.ActiveCfg = Release|ARM64
		{07AB7B7A-D7EE-474A-98DF-CE1279EA6ED5}.Release|ARM64.Build.0 = Release|ARM64
		{07AB7B7A-D7EE-474A-98DF-CE1279EA6ED5}.Release|ARM64.Deploy.0 = Release|ARM64
		{07AB7B7A-D7EE-474A-98DF-CE1279EA6ED5}.Release|x64.ActiveCfg = Release|x64
		{07AB7B7A-D7EE-474A-98DF-CE1279EA6ED5}.Release|x64.Build.0 = Release|x64
		{07AB7B7A-D7EE-474A-98DF-CE1279EA6ED5}.Release|x64.Deploy.0 = Release|x64
		{07AB7B7A-D7EE-474A-98DF-CE1279EA6ED5}.Release|x86.ActiveCfg = Release|x86
		{07AB7B7A-D7EE-474A-98DF-CE1279EA6ED5}.Release|x86.Build.0 = Release|x86
		{07AB7B7A-D7EE-474A-98DF-CE1279EA6ED5}.Release|x86.Deploy.0 = Release|x86
		{23FC0CB4-1BB5-4D97-BFFE-5732630F2FDB}.Debug|Any CPU.ActiveCfg = Debug|Any CPU
		{23FC0CB4-1BB5-4D97-BFFE-5732630F2FDB}.Debug|Any CPU.Build.0 = Debug|Any CPU
		{23FC0CB4-1BB5-4D97-BFFE-5732630F2FDB}.Debug|ARM.ActiveCfg = Debug|Any CPU
		{23FC0CB4-1BB5-4D97-BFFE-5732630F2FDB}.Debug|ARM.Build.0 = Debug|Any CPU
		{23FC0CB4-1BB5-4D97-BFFE-5732630F2FDB}.Debug|ARM64.ActiveCfg = Debug|Any CPU
		{23FC0CB4-1BB5-4D97-BFFE-5732630F2FDB}.Debug|ARM64.Build.0 = Debug|Any CPU
		{23FC0CB4-1BB5-4D97-BFFE-5732630F2FDB}.Debug|x64.ActiveCfg = Debug|Any CPU
		{23FC0CB4-1BB5-4D97-BFFE-5732630F2FDB}.Debug|x64.Build.0 = Debug|Any CPU
		{23FC0CB4-1BB5-4D97-BFFE-5732630F2FDB}.Debug|x86.ActiveCfg = Debug|Any CPU
		{23FC0CB4-1BB5-4D97-BFFE-5732630F2FDB}.Debug|x86.Build.0 = Debug|Any CPU
		{23FC0CB4-1BB5-4D97-BFFE-5732630F2FDB}.Release|Any CPU.ActiveCfg = Release|Any CPU
		{23FC0CB4-1BB5-4D97-BFFE-5732630F2FDB}.Release|Any CPU.Build.0 = Release|Any CPU
		{23FC0CB4-1BB5-4D97-BFFE-5732630F2FDB}.Release|ARM.ActiveCfg = Release|Any CPU
		{23FC0CB4-1BB5-4D97-BFFE-5732630F2FDB}.Release|ARM.Build.0 = Release|Any CPU
		{23FC0CB4-1BB5-4D97-BFFE-5732630F2FDB}.Release|ARM64.ActiveCfg = Release|Any CPU
		{23FC0CB4-1BB5-4D97-BFFE-5732630F2FDB}.Release|ARM64.Build.0 = Release|Any CPU
		{23FC0CB4-1BB5-4D97-BFFE-5732630F2FDB}.Release|x64.ActiveCfg = Release|Any CPU
		{23FC0CB4-1BB5-4D97-BFFE-5732630F2FDB}.Release|x64.Build.0 = Release|Any CPU
		{23FC0CB4-1BB5-4D97-BFFE-5732630F2FDB}.Release|x86.ActiveCfg = Release|Any CPU
		{23FC0CB4-1BB5-4D97-BFFE-5732630F2FDB}.Release|x86.Build.0 = Release|Any CPU
		{275BFC00-A212-431B-A00B-3271975F3A49}.Debug|Any CPU.ActiveCfg = Debug|Any CPU
		{275BFC00-A212-431B-A00B-3271975F3A49}.Debug|Any CPU.Build.0 = Debug|Any CPU
		{275BFC00-A212-431B-A00B-3271975F3A49}.Debug|ARM.ActiveCfg = Debug|Any CPU
		{275BFC00-A212-431B-A00B-3271975F3A49}.Debug|ARM.Build.0 = Debug|Any CPU
		{275BFC00-A212-431B-A00B-3271975F3A49}.Debug|ARM64.ActiveCfg = Debug|Any CPU
		{275BFC00-A212-431B-A00B-3271975F3A49}.Debug|ARM64.Build.0 = Debug|Any CPU
		{275BFC00-A212-431B-A00B-3271975F3A49}.Debug|x64.ActiveCfg = Debug|Any CPU
		{275BFC00-A212-431B-A00B-3271975F3A49}.Debug|x64.Build.0 = Debug|Any CPU
		{275BFC00-A212-431B-A00B-3271975F3A49}.Debug|x86.ActiveCfg = Debug|Any CPU
		{275BFC00-A212-431B-A00B-3271975F3A49}.Debug|x86.Build.0 = Debug|Any CPU
		{275BFC00-A212-431B-A00B-3271975F3A49}.Release|Any CPU.ActiveCfg = Release|Any CPU
		{275BFC00-A212-431B-A00B-3271975F3A49}.Release|Any CPU.Build.0 = Release|Any CPU
		{275BFC00-A212-431B-A00B-3271975F3A49}.Release|ARM.ActiveCfg = Release|Any CPU
		{275BFC00-A212-431B-A00B-3271975F3A49}.Release|ARM.Build.0 = Release|Any CPU
		{275BFC00-A212-431B-A00B-3271975F3A49}.Release|ARM64.ActiveCfg = Release|Any CPU
		{275BFC00-A212-431B-A00B-3271975F3A49}.Release|ARM64.Build.0 = Release|Any CPU
		{275BFC00-A212-431B-A00B-3271975F3A49}.Release|x64.ActiveCfg = Release|Any CPU
		{275BFC00-A212-431B-A00B-3271975F3A49}.Release|x64.Build.0 = Release|Any CPU
		{275BFC00-A212-431B-A00B-3271975F3A49}.Release|x86.ActiveCfg = Release|Any CPU
		{275BFC00-A212-431B-A00B-3271975F3A49}.Release|x86.Build.0 = Release|Any CPU
	EndGlobalSection
	GlobalSection(SolutionProperties) = preSolution
		HideSolutionNode = FALSE
	EndGlobalSection
	GlobalSection(ExtensibilityGlobals) = postSolution
		SolutionGuid = {1AD7C159-FD33-4F4E-9D23-56B18E372260}
	EndGlobalSection
EndGlobal
